schema: '2.0'
stages:
  convert:
    cmd: python -m spacy project run convert
    deps:
    - path: /export/home/cse200093/Pierre_Medic/NEURAL_BASED_NER/data/NLP_diabeto_annotated/test
      md5: 7a1d7c580dcea1f68c8c3714073c0852.dir
      size: 503319
      nfiles: 38
    - path: /export/home/cse200093/Pierre_Medic/NEURAL_BASED_NER/data/NLP_diabeto_annotated/train
      md5: 355704f201927fed0a017cab48894443.dir
      size: 2235959
      nfiles: 200
    - path: /export/home/cse200093/Pierre_Medic/NEURAL_BASED_NER/data/NLP_diabeto_annotated/val
      md5: 527e297f3f36e667729ad644e339a06d.dir
      size: 419356
      nfiles: 38
    - path: scripts/convert.py
      md5: 4cc6b87c58ddf5320123fde3fc04ac03
      size: 3268
    outs:
    - path: corpus/dev.spacy
      md5: 6c414e04daaa77784484cd21879b5d93
      size: 461803
    - path: corpus/test.spacy
      md5: e1e3ab3b26658309067f9e9c0d14997d
      size: 411966
    - path: corpus/train.spacy
      md5: 42558bb5e253ed9d4c8349d895e3407a
      size: 2059510
