convert:
  cmd: python -m spacy run convert
  script:
    - python scripts/convert.py --lang eds --input-path /export/home/cse200093/Pierre_Medic/NEURAL_BASED_NER/data/NLP_diabeto_annotated/train
      --output-path corpus/train.spacy
    - python scripts/convert.py --lang eds --input-path /export/home/cse200093/Pierre_Medic/NEURAL_BASED_NER/data/NLP_diabeto_annotated/val
      --output-path corpus/dev.spacy
    - python scripts/convert.py --lang eds --input-path /export/home/cse200093/Pierre_Medic/NEURAL_BASED_NER/data/NLP_diabeto_annotated/test
      --output-path corpus/test.spacy
  deps:
    - path: /export/home/cse200093/Pierre_Medic/NEURAL_BASED_NER/data/NLP_diabeto_annotated/train
      md5: 23c60f66ef4ba8a38b301856e366e9fc
    - path: /export/home/cse200093/Pierre_Medic/NEURAL_BASED_NER/data/NLP_diabeto_annotated/val
      md5: 49f002f6ad825eade33c15d126e15b00
    - path: /export/home/cse200093/Pierre_Medic/NEURAL_BASED_NER/data/NLP_diabeto_annotated/test
      md5: ac6293ccb5989c65554e1463b2a01b29
    - path: scripts/convert.py
      md5: 4cc6b87c58ddf5320123fde3fc04ac03
  outs:
    - path: corpus/train.spacy
      md5: 42558bb5e253ed9d4c8349d895e3407a
    - path: corpus/dev.spacy
      md5: e1e3ab3b26658309067f9e9c0d14997d
    - path: corpus/test.spacy
      md5: 6c414e04daaa77784484cd21879b5d93
  spacy_version: 3.5.1
  spacy_git_version: Unknown
train:
  cmd: python -m spacy run train
  script:
    - python -m spacy train configs/config.cfg --output training --paths.train corpus/train.spacy
      --paths.dev corpus/dev.spacy --nlp.lang eds --gpu-id 0
  deps:
    - path: configs/config.cfg
      md5: 0714cebf0e60346234c2a244d1924198
    - path: corpus/train.spacy
      md5: 42558bb5e253ed9d4c8349d895e3407a
    - path: corpus/dev.spacy
      md5: 6c414e04daaa77784484cd21879b5d93
  outs:
    - path: training/model-NLP-diabeto
      md5: null
  spacy_version: 3.5.1
  spacy_git_version: Unknown
evaluate:
  cmd: python -m spacy run evaluate
  script:
    - python scripts/evaluate.py training/model-best corpus/test.spacy --output training/test_metrics.json
      --docbin corpus/output.spacy --gpu-id 0
  deps:
    - path: corpus/test.spacy
      md5: 1730aec12629268b20a9d6041f74d707
    - path: training/model-best
      md5: bdf26be2bd412d1ae1271203b90f5518
  outs:
    - path: corpus/output.spacy
      md5: 25794a6a530648bd92bd82882de9e730
    - path: training/test_metrics.json
      md5: de7b607948f789e8069088592314eb0d
  spacy_version: 3.5.1
  spacy_git_version: Unknown
package:
  cmd: python -m spacy run package
  script:
    - python scripts/package.py training/model-best packages --name medic --version
      0.1.0 --force --build wheel --code eds_medic
  deps:
    - path: training/model-best
      md5: 8e5bf19edc0791366f4ab36a119a662f
  outs:
    - path: packages/eds_medic-0.1.0/dist/eds_medic-0.1.0.tar.gz
      md5: null
  spacy_version: 3.5.1
  spacy_git_version: Unknown
save:
  cmd: python -m spacy run save
  script:
    - python scripts/save_to_brat.py training/model-best corpus/test.spacy --output
      training/test_metrics.json --docbin corpus/output.spacy --gpu-id 0
  deps:
    - path: corpus/test.spacy
      md5: 6f167a761337976d4cc34309a1dccbf2
    - path: training/model-best
      md5: 36b40cd2d45edf99e9bc14b4e8080b17
  outs:
    - path: corpus/output.spacy
      md5: null
    - path: training/test_metrics.json
      md5: null
  spacy_version: 3.5.1
  spacy_git_version: Unknown
save_to_brat:
  cmd: python -m spacy run save_to_brat
  script:
    - python scripts/save_to_brat.py training/model-best corpus/test.spacy --output
      training/test_metrics.json --docbin corpus/output.spacy --gpu-id 0
  deps:
    - path: corpus/test.spacy
      md5: a5390dbbaa344bac5c71c7cdc3141849
    - path: training/model-best
      md5: c9319bca2767deb0868c641da5302bb5
  outs:
    - path: corpus/output.spacy
      md5: 25794a6a530648bd92bd82882de9e730
    - path: training/test_metrics.json
      md5: de7b607948f789e8069088592314eb0d
  spacy_version: 3.5.1
  spacy_git_version: Unknown
